Microsoft Visual Studio Solution File, Format Version 11.00
# Visual Studio 2008

Project("{71A1E035-E312-97B3-A43E-0C1B3BAEC985}") = "unityugokasu", "Assembly-CSharp.csproj", "{538E9EB3-16AF-5BBB-3AA2-B9781B31A96B}"
EndProject
Project("{71A1E035-E312-97B3-A43E-0C1B3BAEC985}") = "unityugokasu", "Assembly-CSharp-Editor.csproj", "{B2B4045C-05C4-F620-B11E-42C7D20FB5B3}"
EndProject
Global
	GlobalSection(SolutionConfigurationPlatforms) = preSolution
		Debug|Any CPU = Debug|Any CPU
		Release|Any CPU = Release|Any CPU
	EndGlobalSection
	GlobalSection(ProjectConfigurationPlatforms) = postSolution
		{538E9EB3-16AF-5BBB-3AA2-B9781B31A96B}.Debug|Any CPU.ActiveCfg = Debug|Any CPU
		{538E9EB3-16AF-5BBB-3AA2-B9781B31A96B}.Debug|Any CPU.Build.0 = Debug|Any CPU
		{538E9EB3-16AF-5BBB-3AA2-B9781B31A96B}.Release|Any CPU.ActiveCfg = Release|Any CPU
		{538E9EB3-16AF-5BBB-3AA2-B9781B31A96B}.Release|Any CPU.Build.0 = Release|Any CPU
		{B2B4045C-05C4-F620-B11E-42C7D20FB5B3}.Debug|Any CPU.ActiveCfg = Debug|Any CPU
		{B2B4045C-05C4-F620-B11E-42C7D20FB5B3}.Debug|Any CPU.Build.0 = Debug|Any CPU
		{B2B4045C-05C4-F620-B11E-42C7D20FB5B3}.Release|Any CPU.ActiveCfg = Release|Any CPU
		{B2B4045C-05C4-F620-B11E-42C7D20FB5B3}.Release|Any CPU.Build.0 = Release|Any CPU
	EndGlobalSection
	GlobalSection(SolutionProperties) = preSolution
		HideSolutionNode = FALSE
	EndGlobalSection
	GlobalSection(MonoDevelopProperties) = preSolution
		StartupItem = Assembly-CSharp.csproj
	EndGlobalSection
EndGlobal
